
Microsoft Visual Studio Solution File, Format Version 12.00
# Visual Studio 15
VisualStudioVersion = 15.0.27004.2002
MinimumVisualStudioVersion = 10.0.40219.1
Project("{FAE04EC0-301F-11D3-BF4B-00C04F79EFBC}") = "AppTest1.Android", "AppTest1\AppTest1.Android\AppTest1.Android.csproj", "{38D8E561-C91E-4103-9062-85FEF239868B}"
EndProject
Project("{FAE04EC0-301F-11D3-BF4B-00C04F79EFBC}") = "AppTest1", "AppTest1\AppTest1\AppTest1.csproj", "{DB80A1A5-3C56-437E-A60F-11DD105BA626}"
EndProject
Project("{FAE04EC0-301F-11D3-BF4B-00C04F79EFBC}") = "AppTest1.UWP", "AppTest1\AppTest1.UWP\AppTest1.UWP.csproj", "{009A6B8A-9F4E-4369-A9DE-9BA71809787B}"
EndProject
Global
	GlobalSection(SolutionConfigurationPlatforms) = preSolution
		Ad-Hoc|Any CPU = Ad-Hoc|Any CPU
		Ad-Hoc|ARM = Ad-Hoc|ARM
		Ad-Hoc|iPhone = Ad-Hoc|iPhone
		Ad-Hoc|iPhoneSimulator = Ad-Hoc|iPhoneSimulator
		Ad-Hoc|x64 = Ad-Hoc|x64
		Ad-Hoc|x86 = Ad-Hoc|x86
		AppStore|Any CPU = AppStore|Any CPU
		AppStore|ARM = AppStore|ARM
		AppStore|iPhone = AppStore|iPhone
		AppStore|iPhoneSimulator = AppStore|iPhoneSimulator
		AppStore|x64 = AppStore|x64
		AppStore|x86 = AppStore|x86
		Debug|Any CPU = Debug|Any CPU
		Debug|ARM = Debug|ARM
		Debug|iPhone = Debug|iPhone
		Debug|iPhoneSimulator = Debug|iPhoneSimulator
		Debug|x64 = Debug|x64
		Debug|x86 = Debug|x86
		Release|Any CPU = Release|Any CPU
		Release|ARM = Release|ARM
		Release|iPhone = Release|iPhone
		Release|iPhoneSimulator = Release|iPhoneSimulator
		Release|x64 = Release|x64
		Release|x86 = Release|x86
	EndGlobalSection
	GlobalSection(ProjectConfigurationPlatforms) = postSolution
		{38D8E561-C91E-4103-9062-85FEF239868B}.Ad-Hoc|Any CPU.ActiveCfg = Release|Any CPU
		{38D8E561-C91E-4103-9062-85FEF239868B}.Ad-Hoc|Any CPU.Build.0 = Release|Any CPU
		{38D8E561-C91E-4103-9062-85FEF239868B}.Ad-Hoc|Any CPU.Deploy.0 = Release|Any CPU
		{38D8E561-C91E-4103-9062-85FEF239868B}.Ad-Hoc|ARM.ActiveCfg = Release|Any CPU
		{38D8E561-C91E-4103-9062-85FEF239868B}.Ad-Hoc|ARM.Build.0 = Release|Any CPU
		{38D8E561-C91E-4103-9062-85FEF239868B}.Ad-Hoc|ARM.Deploy.0 = Release|Any CPU
		{38D8E561-C91E-4103-9062-85FEF239868B}.Ad-Hoc|iPhone.ActiveCfg = Release|Any CPU
		{38D8E561-C91E-4103-9062-85FEF239868B}.Ad-Hoc|iPhone.Build.0 = Release|Any CPU
		{38D8E561-C91E-4103-9062-85FEF239868B}.Ad-Hoc|iPhone.Deploy.0 = Release|Any CPU
		{38D8E561-C91E-4103-9062-85FEF239868B}.Ad-Hoc|iPhoneSimulator.ActiveCfg = Release|Any CPU
		{38D8E561-C91E-4103-9062-85FEF239868B}.Ad-Hoc|iPhoneSimulator.Build.0 = Release|Any CPU
		{38D8E561-C91E-4103-9062-85FEF239868B}.Ad-Hoc|iPhoneSimulator.Deploy.0 = Release|Any CPU
		{38D8E561-C91E-4103-9062-85FEF239868B}.Ad-Hoc|x64.ActiveCfg = Release|Any CPU
		{38D8E561-C91E-4103-9062-85FEF239868B}.Ad-Hoc|x64.Build.0 = Release|Any CPU
		{38D8E561-C91E-4103-9062-85FEF239868B}.Ad-Hoc|x64.Deploy.0 = Release|Any CPU
		{38D8E561-C91E-4103-9062-85FEF239868B}.Ad-Hoc|x86.ActiveCfg = Release|Any CPU
		{38D8E561-C91E-4103-9062-85FEF239868B}.Ad-Hoc|x86.Build.0 = Release|Any CPU
		{38D8E561-C91E-4103-9062-85FEF239868B}.Ad-Hoc|x86.Deploy.0 = Release|Any CPU
		{38D8E561-C91E-4103-9062-85FEF239868B}.AppStore|Any CPU.ActiveCfg = Release|Any CPU
		{38D8E561-C91E-4103-9062-85FEF239868B}.AppStore|Any CPU.Build.0 = Release|Any CPU
		{38D8E561-C91E-4103-9062-85FEF239868B}.AppStore|Any CPU.Deploy.0 = Release|Any CPU
		{38D8E561-C91E-4103-9062-85FEF239868B}.AppStore|ARM.ActiveCfg = Release|Any CPU
		{38D8E561-C91E-4103-9062-85FEF239868B}.AppStore|ARM.Build.0 = Release|Any CPU
		{38D8E561-C91E-4103-9062-85FEF239868B}.AppStore|ARM.Deploy.0 = Release|Any CPU
		{38D8E561-C91E-4103-9062-85FEF239868B}.AppStore|iPhone.ActiveCfg = Release|Any CPU
		{38D8E561-C91E-4103-9062-85FEF239868B}.AppStore|iPhone.Build.0 = Release|Any CPU
		{38D8E561-C91E-4103-9062-85FEF239868B}.AppStore|iPhone.Deploy.0 = Release|Any CPU
		{38D8E561-C91E-4103-9062-85FEF239868B}.AppStore|iPhoneSimulator.ActiveCfg = Release|Any CPU
		{38D8E561-C91E-4103-9062-85FEF239868B}.AppStore|iPhoneSimulator.Build.0 = Release|Any CPU
		{38D8E561-C91E-4103-9062-85FEF239868B}.AppStore|iPhoneSimulator.Deploy.0 = Release|Any CPU
		{38D8E561-C91E-4103-9062-85FEF239868B}.AppStore|x64.ActiveCfg = Release|Any CPU
		{38D8E561-C91E-4103-9062-85FEF239868B}.AppStore|x64.Build.0 = Release|Any CPU
		{38D8E561-C91E-4103-9062-85FEF239868B}.AppStore|x64.Deploy.0 = Release|Any CPU
		{38D8E561-C91E-4103-9062-85FEF239868B}.AppStore|x86.ActiveCfg = Release|Any CPU
		{38D8E561-C91E-4103-9062-85FEF239868B}.AppStore|x86.Build.0 = Release|Any CPU
		{38D8E561-C91E-4103-9062-85FEF239868B}.AppStore|x86.Deploy.0 = Release|Any CPU
		{38D8E561-C91E-4103-9062-85FEF239868B}.Debug|Any CPU.ActiveCfg = Debug|Any CPU
		{38D8E561-C91E-4103-9062-85FEF239868B}.Debug|Any CPU.Build.0 = Debug|Any CPU
		{38D8E561-C91E-4103-9062-85FEF239868B}.Debug|Any CPU.Deploy.0 = Debug|Any CPU
		{38D8E561-C91E-4103-9062-85FEF239868B}.Debug|ARM.ActiveCfg = Debug|Any CPU
		{38D8E561-C91E-4103-9062-85FEF239868B}.Debug|ARM.Build.0 = Debug|Any CPU
		{38D8E561-C91E-4103-9062-85FEF239868B}.Debug|ARM.Deploy.0 = Debug|Any CPU
		{38D8E561-C91E-4103-9062-85FEF239868B}.Debug|iPhone.ActiveCfg = Debug|Any CPU
		{38D8E561-C91E-4103-9062-85FEF239868B}.Debug|iPhone.Build.0 = Debug|Any CPU
		{38D8E561-C91E-4103-9062-85FEF239868B}.Debug|iPhone.Deploy.0 = Debug|Any CPU
		{38D8E561-C91E-4103-9062-85FEF239868B}.Debug|iPhoneSimulator.ActiveCfg = Debug|Any CPU
		{38D8E561-C91E-4103-9062-85FEF239868B}.Debug|iPhoneSimulator.Build.0 = Debug|Any CPU
		{38D8E561-C91E-4103-9062-85FEF239868B}.Debug|iPhoneSimulator.Deploy.0 = Debug|Any CPU
		{38D8E561-C91E-4103-9062-85FEF239868B}.Debug|x64.ActiveCfg = Debug|Any CPU
		{38D8E561-C91E-4103-9062-85FEF239868B}.Debug|x64.Build.0 = Debug|Any CPU
		{38D8E561-C91E-4103-9062-85FEF239868B}.Debug|x64.Deploy.0 = Debug|Any CPU
		{38D8E561-C91E-4103-9062-85FEF239868B}.Debug|x86.ActiveCfg = Debug|Any CPU
		{38D8E561-C91E-4103-9062-85FEF239868B}.Debug|x86.Build.0 = Debug|Any CPU
		{38D8E561-C91E-4103-9062-85FEF239868B}.Debug|x86.Deploy.0 = Debug|Any CPU
		{38D8E561-C91E-4103-9062-85FEF239868B}.Release|Any CPU.ActiveCfg = Release|Any CPU
		{38D8E561-C91E-4103-9062-85FEF239868B}.Release|Any CPU.Build.0 = Release|Any CPU
		{38D8E561-C91E-4103-9062-85FEF239868B}.Release|Any CPU.Deploy.0 = Release|Any CPU
		{38D8E561-C91E-4103-9062-85FEF239868B}.Release|ARM.ActiveCfg = Release|Any CPU
		{38D8E561-C91E-4103-9062-85FEF239868B}.Release|ARM.Build.0 = Release|Any CPU
		{38D8E561-C91E-4103-9062-85FEF239868B}.Release|ARM.Deploy.0 = Release|Any CPU
		{38D8E561-C91E-4103-9062-85FEF239868B}.Release|iPhone.ActiveCfg = Release|Any CPU
		{38D8E561-C91E-4103-9062-85FEF239868B}.Release|iPhone.Build.0 = Release|Any CPU
		{38D8E561-C91E-4103-9062-85FEF239868B}.Release|iPhone.Deploy.0 = Release|Any CPU
		{38D8E561-C91E-4103-9062-85FEF239868B}.Release|iPhoneSimulator.ActiveCfg = Release|Any CPU
		{38D8E561-C91E-4103-9062-85FEF239868B}.Release|iPhoneSimulator.Build.0 = Release|Any CPU
		{38D8E561-C91E-4103-9062-85FEF239868B}.Release|iPhoneSimulator.Deploy.0 = Release|Any CPU
		{38D8E561-C91E-4103-9062-85FEF239868B}.Release|x64.ActiveCfg = Release|Any CPU
		{38D8E561-C91E-4103-9062-85FEF239868B}.Release|x64.Build.0 = Release|Any CPU
		{38D8E561-C91E-4103-9062-85FEF239868B}.Release|x64.Deploy.0 = Release|Any CPU
		{38D8E561-C91E-4103-9062-85FEF239868B}.Release|x86.ActiveCfg = Release|Any CPU
		{38D8E561-C91E-4103-9062-85FEF239868B}.Release|x86.Build.0 = Release|Any CPU
		{38D8E561-C91E-4103-9062-85FEF239868B}.Release|x86.Deploy.0 = Release|Any CPU
		{DB80A1A5-3C56-437E-A60F-11DD105BA626}.Ad-Hoc|Any CPU.ActiveCfg = Release|Any CPU
		{DB80A1A5-3C56-437E-A60F-11DD105BA626}.Ad-Hoc|Any CPU.Build.0 = Release|Any CPU
		{DB80A1A5-3C56-437E-A60F-11DD105BA626}.Ad-Hoc|ARM.ActiveCfg = Release|Any CPU
		{DB80A1A5-3C56-437E-A60F-11DD105BA626}.Ad-Hoc|ARM.Build.0 = Release|Any CPU
		{DB80A1A5-3C56-437E-A60F-11DD105BA626}.Ad-Hoc|iPhone.ActiveCfg = Release|Any CPU
		{DB80A1A5-3C56-437E-A60F-11DD105BA626}.Ad-Hoc|iPhone.Build.0 = Release|Any CPU
		{DB80A1A5-3C56-437E-A60F-11DD105BA626}.Ad-Hoc|iPhoneSimulator.ActiveCfg = Release|Any CPU
		{DB80A1A5-3C56-437E-A60F-11DD105BA626}.Ad-Hoc|iPhoneSimulator.Build.0 = Release|Any CPU
		{DB80A1A5-3C56-437E-A60F-11DD105BA626}.Ad-Hoc|x64.ActiveCfg = Release|Any CPU
		{DB80A1A5-3C56-437E-A60F-11DD105BA626}.Ad-Hoc|x64.Build.0 = Release|Any CPU
		{DB80A1A5-3C56-437E-A60F-11DD105BA626}.Ad-Hoc|x86.ActiveCfg = Release|Any CPU
		{DB80A1A5-3C56-437E-A60F-11DD105BA626}.Ad-Hoc|x86.Build.0 = Release|Any CPU
		{DB80A1A5-3C56-437E-A60F-11DD105BA626}.AppStore|Any CPU.ActiveCfg = Release|Any CPU
		{DB80A1A5-3C56-437E-A60F-11DD105BA626}.AppStore|Any CPU.Build.0 = Release|Any CPU
		{DB80A1A5-3C56-437E-A60F-11DD105BA626}.AppStore|ARM.ActiveCfg = Release|Any CPU
		{DB80A1A5-3C56-437E-A60F-11DD105BA626}.AppStore|ARM.Build.0 = Release|Any CPU
		{DB80A1A5-3C56-437E-A60F-11DD105BA626}.AppStore|iPhone.ActiveCfg = Release|Any CPU
		{DB80A1A5-3C56-437E-A60F-11DD105BA626}.AppStore|iPhone.Build.0 = Release|Any CPU
		{DB80A1A5-3C56-437E-A60F-11DD105BA626}.AppStore|iPhoneSimulator.ActiveCfg = Release|Any CPU
		{DB80A1A5-3C56-437E-A60F-11DD105BA626}.AppStore|iPhoneSimulator.Build.0 = Release|Any CPU
		{DB80A1A5-3C56-437E-A60F-11DD105BA626}.AppStore|x64.ActiveCfg = Release|Any CPU
		{DB80A1A5-3C56-437E-A60F-11DD105BA626}.AppStore|x64.Build.0 = Release|Any CPU
		{DB80A1A5-3C56-437E-A60F-11DD105BA626}.AppStore|x86.ActiveCfg = Release|Any CPU
		{DB80A1A5-3C56-437E-A60F-11DD105BA626}.AppStore|x86.Build.0 = Release|Any CPU
		{DB80A1A5-3C56-437E-A60F-11DD105BA626}.Debug|Any CPU.ActiveCfg = Debug|Any CPU
		{DB80A1A5-3C56-437E-A60F-11DD105BA626}.Debug|Any CPU.Build.0 = Debug|Any CPU
		{DB80A1A5-3C56-437E-A60F-11DD105BA626}.Debug|ARM.ActiveCfg = Debug|Any CPU
		{DB80A1A5-3C56-437E-A60F-11DD105BA626}.Debug|ARM.Build.0 = Debug|Any CPU
		{DB80A1A5-3C56-437E-A60F-11DD105BA626}.Debug|iPhone.ActiveCfg = Debug|Any CPU
		{DB80A1A5-3C56-437E-A60F-11DD105BA626}.Debug|iPhone.Build.0 = Debug|Any CPU
		{DB80A1A5-3C56-437E-A60F-11DD105BA626}.Debug|iPhoneSimulator.ActiveCfg = Debug|Any CPU
		{DB80A1A5-3C56-437E-A60F-11DD105BA626}.Debug|iPhoneSimulator.Build.0 = Debug|Any CPU
		{DB80A1A5-3C56-437E-A60F-11DD105BA626}.Debug|x64.ActiveCfg = Debug|Any CPU
		{DB80A1A5-3C56-437E-A60F-11DD105BA626}.Debug|x64.Build.0 = Debug|Any CPU
		{DB80A1A5-3C56-437E-A60F-11DD105BA626}.Debug|x86.ActiveCfg = Debug|Any CPU
		{DB80A1A5-3C56-437E-A60F-11DD105BA626}.Debug|x86.Build.0 = Debug|Any CPU
		{DB80A1A5-3C56-437E-A60F-11DD105BA626}.Release|Any CPU.ActiveCfg = Release|Any CPU
		{DB80A1A5-3C56-437E-A60F-11DD105BA626}.Release|Any CPU.Build.0 = Release|Any CPU
		{DB80A1A5-3C56-437E-A60F-11DD105BA626}.Release|ARM.ActiveCfg = Release|Any CPU
		{DB80A1A5-3C56-437E-A60F-11DD105BA626}.Release|ARM.Build.0 = Release|Any CPU
		{DB80A1A5-3C56-437E-A60F-11DD105BA626}.Release|iPhone.ActiveCfg = Release|Any CPU
		{DB80A1A5-3C56-437E-A60F-11DD105BA626}.Release|iPhone.Build.0 = Release|Any CPU
		{DB80A1A5-3C56-437E-A60F-11DD105BA626}.Release|iPhoneSimulator.ActiveCfg = Release|Any CPU
		{DB80A1A5-3C56-437E-A60F-11DD105BA626}.Release|iPhoneSimulator.Build.0 = Release|Any CPU
		{DB80A1A5-3C56-437E-A60F-11DD105BA626}.Release|x64.ActiveCfg = Release|Any CPU
		{DB80A1A5-3C56-437E-A60F-11DD105BA626}.Release|x64.Build.0 = Release|Any CPU
		{DB80A1A5-3C56-437E-A60F-11DD105BA626}.Release|x86.ActiveCfg = Release|Any CPU
		{DB80A1A5-3C56-437E-A60F-11DD105BA626}.Release|x86.Build.0 = Release|Any CPU
		{009A6B8A-9F4E-4369-A9DE-9BA71809787B}.Ad-Hoc|Any CPU.ActiveCfg = Release|x86
		{009A6B8A-9F4E-4369-A9DE-9BA71809787B}.Ad-Hoc|Any CPU.Build.0 = Release|x86
		{009A6B8A-9F4E-4369-A9DE-9BA71809787B}.Ad-Hoc|Any CPU.Deploy.0 = Release|x86
		{009A6B8A-9F4E-4369-A9DE-9BA71809787B}.Ad-Hoc|ARM.ActiveCfg = Release|ARM
		{009A6B8A-9F4E-4369-A9DE-9BA71809787B}.Ad-Hoc|ARM.Build.0 = Release|ARM
		{009A6B8A-9F4E-4369-A9DE-9BA71809787B}.Ad-Hoc|ARM.Deploy.0 = Release|ARM
		{009A6B8A-9F4E-4369-A9DE-9BA71809787B}.Ad-Hoc|iPhone.ActiveCfg = Release|x86
		{009A6B8A-9F4E-4369-A9DE-9BA71809787B}.Ad-Hoc|iPhone.Build.0 = Release|x86
		{009A6B8A-9F4E-4369-A9DE-9BA71809787B}.Ad-Hoc|iPhone.Deploy.0 = Release|x86
		{009A6B8A-9F4E-4369-A9DE-9BA71809787B}.Ad-Hoc|iPhoneSimulator.ActiveCfg = Release|x86
		{009A6B8A-9F4E-4369-A9DE-9BA71809787B}.Ad-Hoc|iPhoneSimulator.Build.0 = Release|x86
		{009A6B8A-9F4E-4369-A9DE-9BA71809787B}.Ad-Hoc|iPhoneSimulator.Deploy.0 = Release|x86
		{009A6B8A-9F4E-4369-A9DE-9BA71809787B}.Ad-Hoc|x64.ActiveCfg = Release|x64
		{009A6B8A-9F4E-4369-A9DE-9BA71809787B}.Ad-Hoc|x64.Build.0 = Release|x64
		{009A6B8A-9F4E-4369-A9DE-9BA71809787B}.Ad-Hoc|x64.Deploy.0 = Release|x64
		{009A6B8A-9F4E-4369-A9DE-9BA71809787B}.Ad-Hoc|x86.ActiveCfg = Release|x86
		{009A6B8A-9F4E-4369-A9DE-9BA71809787B}.Ad-Hoc|x86.Build.0 = Release|x86
		{009A6B8A-9F4E-4369-A9DE-9BA71809787B}.Ad-Hoc|x86.Deploy.0 = Release|x86
		{009A6B8A-9F4E-4369-A9DE-9BA71809787B}.AppStore|Any CPU.ActiveCfg = Release|x86
		{009A6B8A-9F4E-4369-A9DE-9BA71809787B}.AppStore|Any CPU.Build.0 = Release|x86
		{009A6B8A-9F4E-4369-A9DE-9BA71809787B}.AppStore|Any CPU.Deploy.0 = Release|x86
		{009A6B8A-9F4E-4369-A9DE-9BA71809787B}.AppStore|ARM.ActiveCfg = Release|ARM
		{009A6B8A-9F4E-4369-A9DE-9BA71809787B}.AppStore|ARM.Build.0 = Release|ARM
		{009A6B8A-9F4E-4369-A9DE-9BA71809787B}.AppStore|ARM.Deploy.0 = Release|ARM
		{009A6B8A-9F4E-4369-A9DE-9BA71809787B}.AppStore|iPhone.ActiveCfg = Release|x86
		{009A6B8A-9F4E-4369-A9DE-9BA71809787B}.AppStore|iPhone.Build.0 = Release|x86
		{009A6B8A-9F4E-4369-A9DE-9BA71809787B}.AppStore|iPhone.Deploy.0 = Release|x86
		{009A6B8A-9F4E-4369-A9DE-9BA71809787B}.AppStore|iPhoneSimulator.ActiveCfg = Release|x86
		{009A6B8A-9F4E-4369-A9DE-9BA71809787B}.AppStore|iPhoneSimulator.Build.0 = Release|x86
		{009A6B8A-9F4E-4369-A9DE-9BA71809787B}.AppStore|iPhoneSimulator.Deploy.0 = Release|x86
		{009A6B8A-9F4E-4369-A9DE-9BA71809787B}.AppStore|x64.ActiveCfg = Release|x64
		{009A6B8A-9F4E-4369-A9DE-9BA71809787B}.AppStore|x64.Build.0 = Release|x64
		{009A6B8A-9F4E-4369-A9DE-9BA71809787B}.AppStore|x64.Deploy.0 = Release|x64
		{009A6B8A-9F4E-4369-A9DE-9BA71809787B}.AppStore|x86.ActiveCfg = Release|x86
		{009A6B8A-9F4E-4369-A9DE-9BA71809787B}.AppStore|x86.Build.0 = Release|x86
		{009A6B8A-9F4E-4369-A9DE-9BA71809787B}.AppStore|x86.Deploy.0 = Release|x86
		{009A6B8A-9F4E-4369-A9DE-9BA71809787B}.Debug|Any CPU.ActiveCfg = Debug|x86
		{009A6B8A-9F4E-4369-A9DE-9BA71809787B}.Debug|ARM.ActiveCfg = Debug|ARM
		{009A6B8A-9F4E-4369-A9DE-9BA71809787B}.Debug|ARM.Build.0 = Debug|ARM
		{009A6B8A-9F4E-4369-A9DE-9BA71809787B}.Debug|ARM.Deploy.0 = Debug|ARM
		{009A6B8A-9F4E-4369-A9DE-9BA71809787B}.Debug|iPhone.ActiveCfg = Debug|x86
		{009A6B8A-9F4E-4369-A9DE-9BA71809787B}.Debug|iPhoneSimulator.ActiveCfg = Debug|x86
		{009A6B8A-9F4E-4369-A9DE-9BA71809787B}.Debug|x64.ActiveCfg = Debug|x64
		{009A6B8A-9F4E-4369-A9DE-9BA71809787B}.Debug|x64.Build.0 = Debug|x64
		{009A6B8A-9F4E-4369-A9DE-9BA71809787B}.Debug|x64.Deploy.0 = Debug|x64
		{009A6B8A-9F4E-4369-A9DE-9BA71809787B}.Debug|x86.ActiveCfg = Debug|x86
		{009A6B8A-9F4E-4369-A9DE-9BA71809787B}.Debug|x86.Build.0 = Debug|x86
		{009A6B8A-9F4E-4369-A9DE-9BA71809787B}.Debug|x86.Deploy.0 = Debug|x86
		{009A6B8A-9F4E-4369-A9DE-9BA71809787B}.Release|Any CPU.ActiveCfg = Release|x86
		{009A6B8A-9F4E-4369-A9DE-9BA71809787B}.Release|ARM.ActiveCfg = Release|ARM
		{009A6B8A-9F4E-4369-A9DE-9BA71809787B}.Release|ARM.Build.0 = Release|ARM
		{009A6B8A-9F4E-4369-A9DE-9BA71809787B}.Release|ARM.Deploy.0 = Release|ARM
		{009A6B8A-9F4E-4369-A9DE-9BA71809787B}.Release|iPhone.ActiveCfg = Release|x86
		{009A6B8A-9F4E-4369-A9DE-9BA71809787B}.Release|iPhoneSimulator.ActiveCfg = Release|x86
		{009A6B8A-9F4E-4369-A9DE-9BA71809787B}.Release|x64.ActiveCfg = Release|x64
		{009A6B8A-9F4E-4369-A9DE-9BA71809787B}.Release|x64.Build.0 = Release|x64
		{009A6B8A-9F4E-4369-A9DE-9BA71809787B}.Release|x64.Deploy.0 = Release|x64
		{009A6B8A-9F4E-4369-A9DE-9BA71809787B}.Release|x86.ActiveCfg = Release|x86
		{009A6B8A-9F4E-4369-A9DE-9BA71809787B}.Release|x86.Build.0 = Release|x86
		{009A6B8A-9F4E-4369-A9DE-9BA71809787B}.Release|x86.Deploy.0 = Release|x86
	EndGlobalSection
	GlobalSection(SolutionProperties) = preSolution
		HideSolutionNode = FALSE
	EndGlobalSection
	GlobalSection(ExtensibilityGlobals) = postSolution
		SolutionGuid = {2841AFD5-9052-4C74-B797-655C4A04C66C}
	EndGlobalSection
EndGlobal
